
Microsoft Visual Studio Solution File, Format Version 12.00
# Visual Studio Version 17
VisualStudioVersion = 17.9.34622.214
MinimumVisualStudioVersion = 10.0.40219.1
Project("{9A19103F-16F7-4668-BE54-9A1E7A4F7556}") = "BasicCQRS", "BasicCQRS\BasicCQRS.csproj", "{62B76CDA-C6D7-4A98-9655-CCFB124F44A2}"
EndProject
Project("{FAE04EC0-301F-11D3-BF4B-00C04F79EFBC}") = "BasicCQRSControllerTests", "BasicCQRSTests\BasicCQRSControllerTests.csproj", "{9BB94C19-0BBC-4C85-82BB-C759F3548964}"
EndProject
Project("{FAE04EC0-301F-11D3-BF4B-00C04F79EFBC}") = "BasicCQRSHandlerTests", "BasicCQRSHandlerTests\BasicCQRSHandlerTests.csproj", "{1C1A6803-2D69-4714-BC3C-E940A5D181C1}"
EndProject
Global
	GlobalSection(SolutionConfigurationPlatforms) = preSolution
		Debug|Any CPU = Debug|Any CPU
		Release|Any CPU = Release|Any CPU
	EndGlobalSection
	GlobalSection(ProjectConfigurationPlatforms) = postSolution
		{62B76CDA-C6D7-4A98-9655-CCFB124F44A2}.Debug|Any CPU.ActiveCfg = Debug|Any CPU
		{62B76CDA-C6D7-4A98-9655-CCFB124F44A2}.Debug|Any CPU.Build.0 = Debug|Any CPU
		{62B76CDA-C6D7-4A98-9655-CCFB124F44A2}.Release|Any CPU.ActiveCfg = Release|Any CPU
		{62B76CDA-C6D7-4A98-9655-CCFB124F44A2}.Release|Any CPU.Build.0 = Release|Any CPU
		{9BB94C19-0BBC-4C85-82BB-C759F3548964}.Debug|Any CPU.ActiveCfg = Debug|Any CPU
		{9BB94C19-0BBC-4C85-82BB-C759F3548964}.Debug|Any CPU.Build.0 = Debug|Any CPU
		{9BB94C19-0BBC-4C85-82BB-C759F3548964}.Release|Any CPU.ActiveCfg = Release|Any CPU
		{9BB94C19-0BBC-4C85-82BB-C759F3548964}.Release|Any CPU.Build.0 = Release|Any CPU
		{1C1A6803-2D69-4714-BC3C-E940A5D181C1}.Debug|Any CPU.ActiveCfg = Debug|Any CPU
		{1C1A6803-2D69-4714-BC3C-E940A5D181C1}.Debug|Any CPU.Build.0 = Debug|Any CPU
		{1C1A6803-2D69-4714-BC3C-E940A5D181C1}.Release|Any CPU.ActiveCfg = Release|Any CPU
		{1C1A6803-2D69-4714-BC3C-E940A5D181C1}.Release|Any CPU.Build.0 = Release|Any CPU
	EndGlobalSection
	GlobalSection(SolutionProperties) = preSolution
		HideSolutionNode = FALSE
	EndGlobalSection
	GlobalSection(ExtensibilityGlobals) = postSolution
		SolutionGuid = {87A8A175-7424-4076-B242-7515062BE83E}
	EndGlobalSection
EndGlobal
